{
	"name": "@fusion.io/migration",
	"version": "3.1.7",
	"lockfileVersion": 1,
	"requires": true,
	"dependencies": {
		"@fusion.io/container": {
			"version": "3.1.7",
			"resolved": "https://registry.npmjs.org/@fusion.io/container/-/container-3.1.7.tgz",
			"integrity": "sha512-dAJZ6kpYcnbaAR01Laxi/tQ5jGjh787HI/r72d56PJ50E0w5SbZ4d5D2BBKPoAfvBR5uza1hSElF10QWbdS9mA=="
		},
		"@fusion.io/core": {
			"version": "3.1.7",
			"resolved": "https://registry.npmjs.org/@fusion.io/core/-/core-3.1.7.tgz",
			"integrity": "sha512-vWGAg1ZqNZjvLgLkdtiRYPC0QLR8cZ99raEJ9by3i0Os3J9bufPluLRj3KfO8sGDstersN81prOE0qUGijiasQ==",
			"requires": {
				"@fusion.io/container": "^3.1.7",
				"@fusion.io/utils": "^3.1.7"
			}
		},
		"@fusion.io/utils": {
			"version": "3.1.7",
			"resolved": "https://registry.npmjs.org/@fusion.io/utils/-/utils-3.1.7.tgz",
			"integrity": "sha512-5Xt/GPSGFo5VQRnWQ2fDWRw+B8EEJGqwXWkA9t5j4d1kSrxaxhIbo4hj8+HBqr69RILvAbjoSkO5uRrTJtBLtg=="
		},
		"@types/node": {
			"version": "12.7.1",
			"resolved": "https://registry.npmjs.org/@types/node/-/node-12.7.1.tgz",
			"integrity": "sha512-aK9jxMypeSrhiYofWWBf/T7O+KwaiAHzM4sveCdWPn71lzUSMimRnKzhXDKfKwV1kWoBo2P1aGgaIYGLf9/ljw==",
			"dev": true
		},
		"moment": {
			"version": "2.29.4",
			"resolved": "https://registry.npmjs.org/moment/-/moment-2.29.4.tgz",
			"integrity": "sha512-5LC9SOxjSc2HF6vO2CyuTDNivEdoz2IvyJJGj6X8DJ0eFyfszE0QiEd+iXmBvUP3WHxSjFH/vIsA0EN00cgr8w=="
		}
	}
}
