{
  "name": "@fusion.io/authenticate",
  "version": "2.5.0-rc14",
  "lockfileVersion": 1,
  "requires": true,
  "dependencies": {
    "@fusion.io/core": {
      "version": "2.5.0-rc14",
      "requires": {
        "@fusion.io/container": "^2.5.0-rc14",
        "@fusion.io/utils": "^2.5.0-rc14"
      }
    }
  }
}
